
Microsoft Visual Studio Solution File, Format Version 12.00
# Visual Studio Version 17
VisualStudioVersion = 17.10.34928.147
MinimumVisualStudioVersion = 10.0.40219.1
Project("{9A19103F-16F7-4668-BE54-9A1E7A4F7556}") = "FinancialInstrumentPrices.Api", "FinancialInstrumentPrices.api\FinancialInstrumentPrices.Api.csproj", "{4A0DCFD7-7DA9-4876-B2C8-A156A03E73F3}"
EndProject
Project("{FAE04EC0-301F-11D3-BF4B-00C04F79EFBC}") = "FinancialInstrumentPrices.Infrastructure", "FinancialInstrumentPrices.Infrastructure\FinancialInstrumentPrices.Infrastructure.csproj", "{003C5E47-2447-45C2-9F95-23ED545EB487}"
EndProject
Project("{FAE04EC0-301F-11D3-BF4B-00C04F79EFBC}") = "FinancialInstrumentPrices.Common", "FinancialInstrumentPrices.Common\FinancialInstrumentPrices.Common.csproj", "{10433207-2CEA-4948-8417-0612E1EC5FD7}"
EndProject
Global
	GlobalSection(SolutionConfigurationPlatforms) = preSolution
		Debug|Any CPU = Debug|Any CPU
		Release|Any CPU = Release|Any CPU
	EndGlobalSection
	GlobalSection(ProjectConfigurationPlatforms) = postSolution
		{4A0DCFD7-7DA9-4876-B2C8-A156A03E73F3}.Debug|Any CPU.ActiveCfg = Debug|Any CPU
		{4A0DCFD7-7DA9-4876-B2C8-A156A03E73F3}.Debug|Any CPU.Build.0 = Debug|Any CPU
		{4A0DCFD7-7DA9-4876-B2C8-A156A03E73F3}.Release|Any CPU.ActiveCfg = Release|Any CPU
		{4A0DCFD7-7DA9-4876-B2C8-A156A03E73F3}.Release|Any CPU.Build.0 = Release|Any CPU
		{003C5E47-2447-45C2-9F95-23ED545EB487}.Debug|Any CPU.ActiveCfg = Debug|Any CPU
		{003C5E47-2447-45C2-9F95-23ED545EB487}.Debug|Any CPU.Build.0 = Debug|Any CPU
		{003C5E47-2447-45C2-9F95-23ED545EB487}.Release|Any CPU.ActiveCfg = Release|Any CPU
		{003C5E47-2447-45C2-9F95-23ED545EB487}.Release|Any CPU.Build.0 = Release|Any CPU
		{10433207-2CEA-4948-8417-0612E1EC5FD7}.Debug|Any CPU.ActiveCfg = Debug|Any CPU
		{10433207-2CEA-4948-8417-0612E1EC5FD7}.Debug|Any CPU.Build.0 = Debug|Any CPU
		{10433207-2CEA-4948-8417-0612E1EC5FD7}.Release|Any CPU.ActiveCfg = Release|Any CPU
		{10433207-2CEA-4948-8417-0612E1EC5FD7}.Release|Any CPU.Build.0 = Release|Any CPU
	EndGlobalSection
	GlobalSection(SolutionProperties) = preSolution
		HideSolutionNode = FALSE
	EndGlobalSection
	GlobalSection(ExtensibilityGlobals) = postSolution
		SolutionGuid = {79969CD5-3E34-43D7-843C-B16A770BB01A}
	EndGlobalSection
EndGlobal
